
Microsoft Visual Studio Solution File, Format Version 12.00
# Visual Studio Version 17
VisualStudioVersion = 17.5.33627.172
MinimumVisualStudioVersion = 10.0.40219.1
Project("{FAE04EC0-301F-11D3-BF4B-00C04F79EFBC}") = "task1(RazorP)", "task1(RazorP)\task1(RazorP).csproj", "{62743D9A-9124-4096-A564-AE131ACF58CC}"
EndProject
Global
	GlobalSection(SolutionConfigurationPlatforms) = preSolution
		Debug|Any CPU = Debug|Any CPU
		Release|Any CPU = Release|Any CPU
	EndGlobalSection
	GlobalSection(ProjectConfigurationPlatforms) = postSolution
		{62743D9A-9124-4096-A564-AE131ACF58CC}.Debug|Any CPU.ActiveCfg = Debug|Any CPU
		{62743D9A-9124-4096-A564-AE131ACF58CC}.Debug|Any CPU.Build.0 = Debug|Any CPU
		{62743D9A-9124-4096-A564-AE131ACF58CC}.Release|Any CPU.ActiveCfg = Release|Any CPU
		{62743D9A-9124-4096-A564-AE131ACF58CC}.Release|Any CPU.Build.0 = Release|Any CPU
	EndGlobalSection
	GlobalSection(SolutionProperties) = preSolution
		HideSolutionNode = FALSE
	EndGlobalSection
	GlobalSection(ExtensibilityGlobals) = postSolution
		SolutionGuid = {D50F9B15-907F-460F-B5ED-1A581F329E1D}
	EndGlobalSection
EndGlobal
